// !$*UTF8*$!
{
	archiveVersion = 1;
	classes = {
	};
	objectVersion = 48;
	objects = {

/* Begin PBXBuildFile section */
		306967081F56B2C800B018AE /* CollectionViewCell.swift in Sources */ = {isa = PBXBuildFile; fileRef = 306967071F56B2C800B018AE /* CollectionViewCell.swift */; };
		3069670A1F56B40800B018AE /* UIView+extension.swift in Sources */ = {isa = PBXBuildFile; fileRef = 306967091F56B40800B018AE /* UIView+extension.swift */; };
		309BB9E61F566751007184F9 /* AppDelegate.swift in Sources */ = {isa = PBXBuildFile; fileRef = 309BB9E51F566751007184F9 /* AppDelegate.swift */; };
		309BB9E81F566751007184F9 /* CollectionViewController.swift in Sources */ = {isa = PBXBuildFile; fileRef = 309BB9E71F566751007184F9 /* CollectionViewController.swift */; };
		309BB9ED1F566751007184F9 /* Assets.xcassets in Resources */ = {isa = PBXBuildFile; fileRef = 309BB9EC1F566751007184F9 /* Assets.xcassets */; };
		309BB9F01F566751007184F9 /* LaunchScreen.storyboard in Resources */ = {isa = PBXBuildFile; fileRef = 309BB9EE1F566751007184F9 /* LaunchScreen.storyboard */; };
		309BB9FB1F5667A5007184F9 /* UIColor+Extension.swift in Sources */ = {isa = PBXBuildFile; fileRef = 309BB9FA1F5667A5007184F9 /* UIColor+Extension.swift */; };
		309BB9FD1F56684A007184F9 /* CollectionVC+setupCollectionView.swift in Sources */ = {isa = PBXBuildFile; fileRef = 309BB9FC1F56684A007184F9 /* CollectionVC+setupCollectionView.swift */; };
		309BB9FF1F5670F0007184F9 /* ExpandingCellLayout.swift in Sources */ = {isa = PBXBuildFile; fileRef = 309BB9FE1F5670F0007184F9 /* ExpandingCellLayout.swift */; };
		309BBA021F568337007184F9 /* Girl.swift in Sources */ = {isa = PBXBuildFile; fileRef = 309BBA011F568336007184F9 /* Girl.swift */; };
		30F57F3C1F56B2120096E2F0 /* GirlManager.swift in Sources */ = {isa = PBXBuildFile; fileRef = 30F57F3B1F56B2120096E2F0 /* GirlManager.swift */; };
/* End PBXBuildFile section */

/* Begin PBXFileReference section */
		306967071F56B2C800B018AE /* CollectionViewCell.swift */ = {isa = PBXFileReference; lastKnownFileType = sourcecode.swift; path = CollectionViewCell.swift; sourceTree = "<group>"; };
		306967091F56B40800B018AE /* UIView+extension.swift */ = {isa = PBXFileReference; lastKnownFileType = sourcecode.swift; path = "UIView+extension.swift"; sourceTree = "<group>"; };
		309BB9E21F566751007184F9 /* ExpandingCellLayoutCollectionView.app */ = {isa = PBXFileReference; explicitFileType = wrapper.application; includeInIndex = 0; path = ExpandingCellLayoutCollectionView.app; sourceTree = BUILT_PRODUCTS_DIR; };
		309BB9E51F566751007184F9 /* AppDelegate.swift */ = {isa = PBXFileReference; lastKnownFileType = sourcecode.swift; path = AppDelegate.swift; sourceTree = "<group>"; };
		309BB9E71F566751007184F9 /* CollectionViewController.swift */ = {isa = PBXFileReference; lastKnownFileType = sourcecode.swift; path = CollectionViewController.swift; sourceTree = "<group>"; };
		309BB9EC1F566751007184F9 /* Assets.xcassets */ = {isa = PBXFileReference; lastKnownFileType = folder.assetcatalog; path = Assets.xcassets; sourceTree = "<group>"; };
		309BB9EF1F566751007184F9 /* Base */ = {isa = PBXFileReference; lastKnownFileType = file.storyboard; name = Base; path = Base.lproj/LaunchScreen.storyboard; sourceTree = "<group>"; };
		309BB9F11F566751007184F9 /* Info.plist */ = {isa = PBXFileReference; lastKnownFileType = text.plist.xml; path = Info.plist; sourceTree = "<group>"; };
		309BB9FA1F5667A5007184F9 /* UIColor+Extension.swift */ = {isa = PBXFileReference; lastKnownFileType = sourcecode.swift; path = "UIColor+Extension.swift"; sourceTree = "<group>"; };
		309BB9FC1F56684A007184F9 /* CollectionVC+setupCollectionView.swift */ = {isa = PBXFileReference; lastKnownFileType = sourcecode.swift; path = "CollectionVC+setupCollectionView.swift"; sourceTree = "<group>"; };
		309BB9FE1F5670F0007184F9 /* ExpandingCellLayout.swift */ = {isa = PBXFileReference; lastKnownFileType = sourcecode.swift; path = ExpandingCellLayout.swift; sourceTree = "<group>"; };
		309BBA011F568336007184F9 /* Girl.swift */ = {isa = PBXFileReference; lastKnownFileType = sourcecode.swift; path = Girl.swift; sourceTree = "<group>"; };
		30F57F3B1F56B2120096E2F0 /* GirlManager.swift */ = {isa = PBXFileReference; lastKnownFileType = sourcecode.swift; path = GirlManager.swift; sourceTree = "<group>"; };
/* End PBXFileReference section */

/* Begin PBXFrameworksBuildPhase section */
		309BB9DF1F566751007184F9 /* Frameworks */ = {
			isa = PBXFrameworksBuildPhase;
			buildActionMask = 2147483647;
			files = (
			);
			runOnlyForDeploymentPostprocessing = 0;
		};
/* End PBXFrameworksBuildPhase section */

/* Begin PBXGroup section */
		306967061F56B2B600B018AE /* View */ = {
			isa = PBXGroup;
			children = (
				306967071F56B2C800B018AE /* CollectionViewCell.swift */,
			);
			path = View;
			sourceTree = "<group>";
		};
		309BB9D91F566751007184F9 = {
			isa = PBXGroup;
			children = (
				309BB9E41F566751007184F9 /* ExpandingCellLayoutCollectionView */,
				309BB9E31F566751007184F9 /* Products */,
			);
			sourceTree = "<group>";
		};
		309BB9E31F566751007184F9 /* Products */ = {
			isa = PBXGroup;
			children = (
				309BB9E21F566751007184F9 /* ExpandingCellLayoutCollectionView.app */,
			);
			name = Products;
			sourceTree = "<group>";
		};
		309BB9E41F566751007184F9 /* ExpandingCellLayoutCollectionView */ = {
			isa = PBXGroup;
			children = (
				309BB9E51F566751007184F9 /* AppDelegate.swift */,
				309BB9F81F56677C007184F9 /* Extension */,
				30F57F3A1F56B2020096E2F0 /* Services */,
				309BBA001F5682F3007184F9 /* Model */,
				309BB9F91F56678F007184F9 /* Layout */,
				309BB9F71F56676E007184F9 /* Controller */,
				306967061F56B2B600B018AE /* View */,
				309BB9EC1F566751007184F9 /* Assets.xcassets */,
				309BB9EE1F566751007184F9 /* LaunchScreen.storyboard */,
				309BB9F11F566751007184F9 /* Info.plist */,
			);
			path = ExpandingCellLayoutCollectionView;
			sourceTree = "<group>";
		};
		309BB9F71F56676E007184F9 /* Controller */ = {
			isa = PBXGroup;
			children = (
				309BB9E71F566751007184F9 /* CollectionViewController.swift */,
				309BB9FC1F56684A007184F9 /* CollectionVC+setupCollectionView.swift */,
			);
			path = Controller;
			sourceTree = "<group>";
		};
		309BB9F81F56677C007184F9 /* Extension */ = {
			isa = PBXGroup;
			children = (
				309BB9FA1F5667A5007184F9 /* UIColor+Extension.swift */,
				306967091F56B40800B018AE /* UIView+extension.swift */,
			);
			path = Extension;
			sourceTree = "<group>";
		};
		309BB9F91F56678F007184F9 /* Layout */ = {
			isa = PBXGroup;
			children = (
				309BB9FE1F5670F0007184F9 /* ExpandingCellLayout.swift */,
			);
			path = Layout;
			sourceTree = "<group>";
		};
		309BBA001F5682F3007184F9 /* Model */ = {
			isa = PBXGroup;
			children = (
				309BBA011F568336007184F9 /* Girl.swift */,
			);
			path = Model;
			sourceTree = "<group>";
		};
		30F57F3A1F56B2020096E2F0 /* Services */ = {
			isa = PBXGroup;
			children = (
				30F57F3B1F56B2120096E2F0 /* GirlManager.swift */,
			);
			path = Services;
			sourceTree = "<group>";
		};
/* End PBXGroup section */

/* Begin PBXNativeTarget section */
		309BB9E11F566751007184F9 /* ExpandingCellLayoutCollectionView */ = {
			isa = PBXNativeTarget;
			buildConfigurationList = 309BB9F41F566751007184F9 /* Build configuration list for PBXNativeTarget "ExpandingCellLayoutCollectionView" */;
			buildPhases = (
				309BB9DE1F566751007184F9 /* Sources */,
				309BB9DF1F566751007184F9 /* Frameworks */,
				309BB9E01F566751007184F9 /* Resources */,
			);
			buildRules = (
			);
			dependencies = (
			);
			name = ExpandingCellLayoutCollectionView;
			productName = ExpandingCellLayoutCollectionView;
			productReference = 309BB9E21F566751007184F9 /* ExpandingCellLayoutCollectionView.app */;
			productType = "com.apple.product-type.application";
		};
/* End PBXNativeTarget section */

/* Begin PBXProject section */
		309BB9DA1F566751007184F9 /* Project object */ = {
			isa = PBXProject;
			attributes = {
				LastSwiftUpdateCheck = 0900;
				LastUpgradeCheck = 0900;
				ORGANIZATIONNAME = "Harry Cao";
				TargetAttributes = {
					309BB9E11F566751007184F9 = {
						CreatedOnToolsVersion = 9.0;
						ProvisioningStyle = Automatic;
					};
				};
			};
			buildConfigurationList = 309BB9DD1F566751007184F9 /* Build configuration list for PBXProject "ExpandingCellLayoutCollectionView" */;
			compatibilityVersion = "Xcode 8.0";
			developmentRegion = en;
			hasScannedForEncodings = 0;
			knownRegions = (
				en,
				Base,
			);
			mainGroup = 309BB9D91F566751007184F9;
			productRefGroup = 309BB9E31F566751007184F9 /* Products */;
			projectDirPath = "";
			projectRoot = "";
			targets = (
				309BB9E11F566751007184F9 /* ExpandingCellLayoutCollectionView */,
			);
		};
/* End PBXProject section */

/* Begin PBXResourcesBuildPhase section */
		309BB9E01F566751007184F9 /* Resources */ = {
			isa = PBXResourcesBuildPhase;
			buildActionMask = 2147483647;
			files = (
				309BB9F01F566751007184F9 /* LaunchScreen.storyboard in Resources */,
				309BB9ED1F566751007184F9 /* Assets.xcassets in Resources */,
			);
			runOnlyForDeploymentPostprocessing = 0;
		};
/* End PBXResourcesBuildPhase section */

/* Begin PBXSourcesBuildPhase section */
		309BB9DE1F566751007184F9 /* Sources */ = {
			isa = PBXSourcesBuildPhase;
			buildActionMask = 2147483647;
			files = (
				309BB9FB1F5667A5007184F9 /* UIColor+Extension.swift in Sources */,
				309BB9FD1F56684A007184F9 /* CollectionVC+setupCollectionView.swift in Sources */,
				306967081F56B2C800B018AE /* CollectionViewCell.swift in Sources */,
				3069670A1F56B40800B018AE /* UIView+extension.swift in Sources */,
				30F57F3C1F56B2120096E2F0 /* GirlManager.swift in Sources */,
				309BB9E81F566751007184F9 /* CollectionViewController.swift in Sources */,
				309BB9FF1F5670F0007184F9 /* ExpandingCellLayout.swift in Sources */,
				309BB9E61F566751007184F9 /* AppDelegate.swift in Sources */,
				309BBA021F568337007184F9 /* Girl.swift in Sources */,
			);
			runOnlyForDeploymentPostprocessing = 0;
		};
/* End PBXSourcesBuildPhase section */

/* Begin PBXVariantGroup section */
		309BB9EE1F566751007184F9 /* LaunchScreen.storyboard */ = {
			isa = PBXVariantGroup;
			children = (
				309BB9EF1F566751007184F9 /* Base */,
			);
			name = LaunchScreen.storyboard;
			sourceTree = "<group>";
		};
/* End PBXVariantGroup section */

/* Begin XCBuildConfiguration section */
		309BB9F21F566751007184F9 /* Debug */ = {
			isa = XCBuildConfiguration;
			buildSettings = {
				ALWAYS_SEARCH_USER_PATHS = NO;
				CLANG_ANALYZER_NONNULL = YES;
				CLANG_ANALYZER_NUMBER_OBJECT_CONVERSION = YES_AGGRESSIVE;
				CLANG_CXX_LANGUAGE_STANDARD = "gnu++14";
				CLANG_CXX_LIBRARY = "libc++";
				CLANG_ENABLE_MODULES = YES;
				CLANG_ENABLE_OBJC_ARC = YES;
				CLANG_WARN_BLOCK_CAPTURE_AUTORELEASING = YES;
				CLANG_WARN_BOOL_CONVERSION = YES;
				CLANG_WARN_COMMA = YES;
				CLANG_WARN_CONSTANT_CONVERSION = YES;
				CLANG_WARN_DIRECT_OBJC_ISA_USAGE = YES_ERROR;
				CLANG_WARN_DOCUMENTATION_COMMENTS = YES;
				CLANG_WARN_EMPTY_BODY = YES;
				CLANG_WARN_ENUM_CONVERSION = YES;
				CLANG_WARN_INFINITE_RECURSION = YES;
				CLANG_WARN_INT_CONVERSION = YES;
				CLANG_WARN_NON_LITERAL_NULL_CONVERSION = YES;
				CLANG_WARN_OBJC_LITERAL_CONVERSION = YES;
				CLANG_WARN_OBJC_ROOT_CLASS = YES_ERROR;
				CLANG_WARN_RANGE_LOOP_ANALYSIS = YES;
				CLANG_WARN_STRICT_PROTOTYPES = YES;
				CLANG_WARN_SUSPICIOUS_MOVE = YES;
				CLANG_WARN_UNGUARDED_AVAILABILITY = YES_AGGRESSIVE;
				CLANG_WARN_UNREACHABLE_CODE = YES;
				CLANG_WARN__DUPLICATE_METHOD_MATCH = YES;
				CODE_SIGN_IDENTITY = "iPhone Developer";
				COPY_PHASE_STRIP = NO;
				DEBUG_INFORMATION_FORMAT = dwarf;
				ENABLE_STRICT_OBJC_MSGSEND = YES;
				ENABLE_TESTABILITY = YES;
				GCC_C_LANGUAGE_STANDARD = gnu11;
				GCC_DYNAMIC_NO_PIC = NO;
				GCC_NO_COMMON_BLOCKS = YES;
				GCC_OPTIMIZATION_LEVEL = 0;
				GCC_PREPROCESSOR_DEFINITIONS = (
					"DEBUG=1",
					"$(inherited)",
				);
				GCC_WARN_64_TO_32_BIT_CONVERSION = YES;
				GCC_WARN_ABOUT_RETURN_TYPE = YES_ERROR;
				GCC_WARN_UNDECLARED_SELECTOR = YES;
				GCC_WARN_UNINITIALIZED_AUTOS = YES_AGGRESSIVE;
				GCC_WARN_UNUSED_FUNCTION = YES;
				GCC_WARN_UNUSED_VARIABLE = YES;
				IPHONEOS_DEPLOYMENT_TARGET = 11.0;
				MTL_ENABLE_DEBUG_INFO = YES;
				ONLY_ACTIVE_ARCH = YES;
				SDKROOT = iphoneos;
				SWIFT_ACTIVE_COMPILATION_CONDITIONS = DEBUG;
				SWIFT_OPTIMIZATION_LEVEL = "-Onone";
			};
			name = Debug;
		};
		309BB9F31F566751007184F9 /* Release */ = {
			isa = XCBuildConfiguration;
			buildSettings = {
				ALWAYS_SEARCH_USER_PATHS = NO;
				CLANG_ANALYZER_NONNULL = YES;
				CLANG_ANALYZER_NUMBER_OBJECT_CONVERSION = YES_AGGRESSIVE;
				CLANG_CXX_LANGUAGE_STANDARD = "gnu++14";
				CLANG_CXX_LIBRARY = "libc++";
				CLANG_ENABLE_MODULES = YES;
				CLANG_ENABLE_OBJC_ARC = YES;
				CLANG_WARN_BLOCK_CAPTURE_AUTORELEASING = YES;
				CLANG_WARN_BOOL_CONVERSION = YES;
				CLANG_WARN_COMMA = YES;
				CLANG_WARN_CONSTANT_CONVERSION = YES;
				CLANG_WARN_DIRECT_OBJC_ISA_USAGE = YES_ERROR;
				CLANG_WARN_DOCUMENTATION_COMMENTS = YES;
				CLANG_WARN_EMPTY_BODY = YES;
				CLANG_WARN_ENUM_CONVERSION = YES;
				CLANG_WARN_INFINITE_RECURSION = YES;
				CLANG_WARN_INT_CONVERSION = YES;
				CLANG_WARN_NON_LITERAL_NULL_CONVERSION = YES;
				CLANG_WARN_OBJC_LITERAL_CONVERSION = YES;
				CLANG_WARN_OBJC_ROOT_CLASS = YES_ERROR;
				CLANG_WARN_RANGE_LOOP_ANALYSIS = YES;
				CLANG_WARN_STRICT_PROTOTYPES = YES;
				CLANG_WARN_SUSPICIOUS_MOVE = YES;
				CLANG_WARN_UNGUARDED_AVAILABILITY = YES_AGGRESSIVE;
				CLANG_WARN_UNREACHABLE_CODE = YES;
				CLANG_WARN__DUPLICATE_METHOD_MATCH = YES;
				CODE_SIGN_IDENTITY = "iPhone Developer";
				COPY_PHASE_STRIP = NO;
				DEBUG_INFORMATION_FORMAT = "dwarf-with-dsym";
				ENABLE_NS_ASSERTIONS = NO;
				ENABLE_STRICT_OBJC_MSGSEND = YES;
				GCC_C_LANGUAGE_STANDARD = gnu11;
				GCC_NO_COMMON_BLOCKS = YES;
				GCC_WARN_64_TO_32_BIT_CONVERSION = YES;
				GCC_WARN_ABOUT_RETURN_TYPE = YES_ERROR;
				GCC_WARN_UNDECLARED_SELECTOR = YES;
				GCC_WARN_UNINITIALIZED_AUTOS = YES_AGGRESSIVE;
				GCC_WARN_UNUSED_FUNCTION = YES;
				GCC_WARN_UNUSED_VARIABLE = YES;
				IPHONEOS_DEPLOYMENT_TARGET = 11.0;
				MTL_ENABLE_DEBUG_INFO = NO;
				SDKROOT = iphoneos;
				SWIFT_OPTIMIZATION_LEVEL = "-Owholemodule";
				VALIDATE_PRODUCT = YES;
			};
			name = Release;
		};
		309BB9F51F566751007184F9 /* Debug */ = {
			isa = XCBuildConfiguration;
			buildSettings = {
				ASSETCATALOG_COMPILER_APPICON_NAME = AppIcon;
				CODE_SIGN_STYLE = Automatic;
				DEVELOPMENT_TEAM = 78DY2XFN75;
				INFOPLIST_FILE = ExpandingCellLayoutCollectionView/Info.plist;
				LD_RUNPATH_SEARCH_PATHS = "$(inherited) @executable_path/Frameworks";
				PRODUCT_BUNDLE_IDENTIFIER = com.harrycao.ExpandingCellLayoutCollectionView;
				PRODUCT_NAME = "$(TARGET_NAME)";
				SWIFT_VERSION = 4.0;
				TARGETED_DEVICE_FAMILY = "1,2";
			};
			name = Debug;
		};
		309BB9F61F566751007184F9 /* Release */ = {
			isa = XCBuildConfiguration;
			buildSettings = {
				ASSETCATALOG_COMPILER_APPICON_NAME = AppIcon;
				CODE_SIGN_STYLE = Automatic;
				DEVELOPMENT_TEAM = 78DY2XFN75;
				INFOPLIST_FILE = ExpandingCellLayoutCollectionView/Info.plist;
				LD_RUNPATH_SEARCH_PATHS = "$(inherited) @executable_path/Frameworks";
				PRODUCT_BUNDLE_IDENTIFIER = com.harrycao.ExpandingCellLayoutCollectionView;
				PRODUCT_NAME = "$(TARGET_NAME)";
				SWIFT_VERSION = 4.0;
				TARGETED_DEVICE_FAMILY = "1,2";
			};
			name = Release;
		};
/* End XCBuildConfiguration section */

/* Begin XCConfigurationList section */
		309BB9DD1F566751007184F9 /* Build configuration list for PBXProject "ExpandingCellLayoutCollectionView" */ = {
			isa = XCConfigurationList;
			buildConfigurations = (
				309BB9F21F566751007184F9 /* Debug */,
				309BB9F31F566751007184F9 /* Release */,
			);
			defaultConfigurationIsVisible = 0;
			defaultConfigurationName = Release;
		};
		309BB9F41F566751007184F9 /* Build configuration list for PBXNativeTarget "ExpandingCellLayoutCollectionView" */ = {
			isa = XCConfigurationList;
			buildConfigurations = (
				309BB9F51F566751007184F9 /* Debug */,
				309BB9F61F566751007184F9 /* Release */,
			);
			defaultConfigurationIsVisible = 0;
			defaultConfigurationName = Release;
		};
/* End XCConfigurationList section */
	};
	rootObject = 309BB9DA1F566751007184F9 /* Project object */;
}
